
Microsoft Visual Studio Solution File, Format Version 12.00
# Visual Studio 2013
VisualStudioVersion = 12.0.30723.0
MinimumVisualStudioVersion = 10.0.40219.1
Project("{2150E333-8FDC-42A3-9474-1A3956D46DE8}") = "Clients", "Clients", "{A0FBBB14-1260-4DDC-81A5-16D4E088CA42}"
EndProject
Project("{2150E333-8FDC-42A3-9474-1A3956D46DE8}") = "Database", "Database", "{B28CA695-C242-4990-87F2-E00644D05026}"
EndProject
Project("{FAE04EC0-301F-11D3-BF4B-00C04F79EFBC}") = "EPAM.DBAttribute", "EPAM.DBAttribute\EPAM.DBAttribute.csproj", "{93704D36-967A-4846-AFC8-A365FC1EBCF8}"
EndProject
Project("{2150E333-8FDC-42A3-9474-1A3956D46DE8}") = "Middleware", "Middleware", "{C40C2D5D-8121-4BE4-A653-2B0EB91C053C}"
EndProject
Project("{FAE04EC0-301F-11D3-BF4B-00C04F79EFBC}") = "EPAM.Model", "EPAM.Model\EPAM.Model.csproj", "{D3530D2D-F967-4A5C-8A87-F6EC748FA0C2}"
EndProject
Project("{2150E333-8FDC-42A3-9474-1A3956D46DE8}") = "Servers", "Servers", "{27503E70-7EC7-4448-8D6F-403BFF182F7D}"
EndProject
Project("{FAE04EC0-301F-11D3-BF4B-00C04F79EFBC}") = "EPAM.Server", "EPAM.Server\EPAM.Server.csproj", "{B9F56F66-2EE2-445D-B798-F8629DFA8CA2}"
EndProject
Project("{FAE04EC0-301F-11D3-BF4B-00C04F79EFBC}") = "EPAM.IClient-Server", "EPAM.IClient-Server\EPAM.IClient-Server.csproj", "{9019F5B9-2A6A-4397-BDFD-25DCF6C00845}"
EndProject
Project("{FAE04EC0-301F-11D3-BF4B-00C04F79EFBC}") = "EPAM.Admin", "EPAM.Admin\EPAM.Admin.csproj", "{A0216FD0-02BE-48ED-B3E3-DA26A3ED7060}"
EndProject
Project("{FAE04EC0-301F-11D3-BF4B-00C04F79EFBC}") = "EPAM.WebServer", "EPAM.WebClient\EPAM.WebServer.csproj", "{6D5F66A4-3B8A-49EB-82A4-D4F1D06CF9F0}"
EndProject
Global
	GlobalSection(SolutionConfigurationPlatforms) = preSolution
		Debug|Any CPU = Debug|Any CPU
		Release|Any CPU = Release|Any CPU
	EndGlobalSection
	GlobalSection(ProjectConfigurationPlatforms) = postSolution
		{93704D36-967A-4846-AFC8-A365FC1EBCF8}.Debug|Any CPU.ActiveCfg = Debug|Any CPU
		{93704D36-967A-4846-AFC8-A365FC1EBCF8}.Debug|Any CPU.Build.0 = Debug|Any CPU
		{93704D36-967A-4846-AFC8-A365FC1EBCF8}.Release|Any CPU.ActiveCfg = Release|Any CPU
		{93704D36-967A-4846-AFC8-A365FC1EBCF8}.Release|Any CPU.Build.0 = Release|Any CPU
		{D3530D2D-F967-4A5C-8A87-F6EC748FA0C2}.Debug|Any CPU.ActiveCfg = Debug|Any CPU
		{D3530D2D-F967-4A5C-8A87-F6EC748FA0C2}.Debug|Any CPU.Build.0 = Debug|Any CPU
		{D3530D2D-F967-4A5C-8A87-F6EC748FA0C2}.Release|Any CPU.ActiveCfg = Release|Any CPU
		{D3530D2D-F967-4A5C-8A87-F6EC748FA0C2}.Release|Any CPU.Build.0 = Release|Any CPU
		{B9F56F66-2EE2-445D-B798-F8629DFA8CA2}.Debug|Any CPU.ActiveCfg = Debug|Any CPU
		{B9F56F66-2EE2-445D-B798-F8629DFA8CA2}.Debug|Any CPU.Build.0 = Debug|Any CPU
		{B9F56F66-2EE2-445D-B798-F8629DFA8CA2}.Release|Any CPU.ActiveCfg = Release|Any CPU
		{B9F56F66-2EE2-445D-B798-F8629DFA8CA2}.Release|Any CPU.Build.0 = Release|Any CPU
		{9019F5B9-2A6A-4397-BDFD-25DCF6C00845}.Debug|Any CPU.ActiveCfg = Debug|Any CPU
		{9019F5B9-2A6A-4397-BDFD-25DCF6C00845}.Debug|Any CPU.Build.0 = Debug|Any CPU
		{9019F5B9-2A6A-4397-BDFD-25DCF6C00845}.Release|Any CPU.ActiveCfg = Release|Any CPU
		{9019F5B9-2A6A-4397-BDFD-25DCF6C00845}.Release|Any CPU.Build.0 = Release|Any CPU
		{A0216FD0-02BE-48ED-B3E3-DA26A3ED7060}.Debug|Any CPU.ActiveCfg = Debug|Any CPU
		{A0216FD0-02BE-48ED-B3E3-DA26A3ED7060}.Debug|Any CPU.Build.0 = Debug|Any CPU
		{A0216FD0-02BE-48ED-B3E3-DA26A3ED7060}.Release|Any CPU.ActiveCfg = Release|Any CPU
		{A0216FD0-02BE-48ED-B3E3-DA26A3ED7060}.Release|Any CPU.Build.0 = Release|Any CPU
		{6D5F66A4-3B8A-49EB-82A4-D4F1D06CF9F0}.Debug|Any CPU.ActiveCfg = Debug|Any CPU
		{6D5F66A4-3B8A-49EB-82A4-D4F1D06CF9F0}.Debug|Any CPU.Build.0 = Debug|Any CPU
		{6D5F66A4-3B8A-49EB-82A4-D4F1D06CF9F0}.Release|Any CPU.ActiveCfg = Release|Any CPU
		{6D5F66A4-3B8A-49EB-82A4-D4F1D06CF9F0}.Release|Any CPU.Build.0 = Release|Any CPU
	EndGlobalSection
	GlobalSection(SolutionProperties) = preSolution
		HideSolutionNode = FALSE
	EndGlobalSection
	GlobalSection(NestedProjects) = preSolution
		{B28CA695-C242-4990-87F2-E00644D05026} = {27503E70-7EC7-4448-8D6F-403BFF182F7D}
		{93704D36-967A-4846-AFC8-A365FC1EBCF8} = {B28CA695-C242-4990-87F2-E00644D05026}
		{D3530D2D-F967-4A5C-8A87-F6EC748FA0C2} = {C40C2D5D-8121-4BE4-A653-2B0EB91C053C}
		{B9F56F66-2EE2-445D-B798-F8629DFA8CA2} = {27503E70-7EC7-4448-8D6F-403BFF182F7D}
		{9019F5B9-2A6A-4397-BDFD-25DCF6C00845} = {C40C2D5D-8121-4BE4-A653-2B0EB91C053C}
		{A0216FD0-02BE-48ED-B3E3-DA26A3ED7060} = {A0FBBB14-1260-4DDC-81A5-16D4E088CA42}
		{6D5F66A4-3B8A-49EB-82A4-D4F1D06CF9F0} = {27503E70-7EC7-4448-8D6F-403BFF182F7D}
	EndGlobalSection
EndGlobal
